
Microsoft Visual Studio Solution File, Format Version 11.00
# Visual Studio 2010
Project("{FAE04EC0-301F-11D3-BF4B-00C04F79EFBC}") = "Sample Eyemole", "Assembly-CSharp.csproj", "{D94CC3A8-51F2-30F0-307A-D184E022A30A}"
EndProject
Project("{FAE04EC0-301F-11D3-BF4B-00C04F79EFBC}") = "Sample Eyemole", "Assembly-CSharp-Editor.csproj", "{C8FC951F-B222-F103-120F-70765C4CB8D3}"
EndProject
Global
	GlobalSection(SolutionConfigurationPlatforms) = preSolution
		Debug|Any CPU = Debug|Any CPU
		Release|Any CPU = Release|Any CPU
	EndGlobalSection
	GlobalSection(ProjectConfigurationPlatforms) = postSolution
		{D94CC3A8-51F2-30F0-307A-D184E022A30A}.Debug|Any CPU.ActiveCfg = Debug|Any CPU
		{D94CC3A8-51F2-30F0-307A-D184E022A30A}.Debug|Any CPU.Build.0 = Debug|Any CPU
		{D94CC3A8-51F2-30F0-307A-D184E022A30A}.Release|Any CPU.ActiveCfg = Release|Any CPU
		{D94CC3A8-51F2-30F0-307A-D184E022A30A}.Release|Any CPU.Build.0 = Release|Any CPU
		{C8FC951F-B222-F103-120F-70765C4CB8D3}.Debug|Any CPU.ActiveCfg = Debug|Any CPU
		{C8FC951F-B222-F103-120F-70765C4CB8D3}.Debug|Any CPU.Build.0 = Debug|Any CPU
		{C8FC951F-B222-F103-120F-70765C4CB8D3}.Release|Any CPU.ActiveCfg = Release|Any CPU
		{C8FC951F-B222-F103-120F-70765C4CB8D3}.Release|Any CPU.Build.0 = Release|Any CPU
	EndGlobalSection
	GlobalSection(SolutionProperties) = preSolution
		HideSolutionNode = FALSE
	EndGlobalSection
	GlobalSection(MonoDevelopProperties) = preSolution
		StartupItem = Assembly-CSharp.csproj
	EndGlobalSection
EndGlobal
